
Microsoft Visual Studio Solution File, Format Version 12.00
# Visual Studio Version 16
VisualStudioVersion = 16.0.31112.23
MinimumVisualStudioVersion = 10.0.40219.1
Project("{9A19103F-16F7-4668-BE54-9A1E7A4F7556}") = "NextechAREvents", "NextechAREvents\NextechAREvents.csproj", "{D0CAC839-C3E5-466F-BE92-A402B5665518}"
EndProject
Project("{2150E333-8FDC-42A3-9474-1A3956D46DE8}") = "Solution Items", "Solution Items", "{38A9324B-6472-4BAF-B0ED-031DD1867557}"
	ProjectSection(SolutionItems) = preProject
		.gitignore = .gitignore
		README.MD = README.MD
		ReadmeFiles\SwaggerIndex.png = ReadmeFiles\SwaggerIndex.png
	EndProjectSection
EndProject
Global
	GlobalSection(SolutionConfigurationPlatforms) = preSolution
		Debug|Any CPU = Debug|Any CPU
		Release|Any CPU = Release|Any CPU
	EndGlobalSection
	GlobalSection(ProjectConfigurationPlatforms) = postSolution
		{D0CAC839-C3E5-466F-BE92-A402B5665518}.Debug|Any CPU.ActiveCfg = Debug|Any CPU
		{D0CAC839-C3E5-466F-BE92-A402B5665518}.Debug|Any CPU.Build.0 = Debug|Any CPU
		{D0CAC839-C3E5-466F-BE92-A402B5665518}.Release|Any CPU.ActiveCfg = Release|Any CPU
		{D0CAC839-C3E5-466F-BE92-A402B5665518}.Release|Any CPU.Build.0 = Release|Any CPU
	EndGlobalSection
	GlobalSection(SolutionProperties) = preSolution
		HideSolutionNode = FALSE
	EndGlobalSection
	GlobalSection(ExtensibilityGlobals) = postSolution
		SolutionGuid = {C01DF10F-0F51-44B0-BAB2-ED25310BE6AF}
	EndGlobalSection
EndGlobal
